
Microsoft Visual Studio Solution File, Format Version 12.00
# Visual Studio Version 16
VisualStudioVersion = 16.0.33529.622
MinimumVisualStudioVersion = 10.0.40219.1
Project("{FAE04EC0-301F-11D3-BF4B-00C04F79EFBC}") = "copyconstructor", "copyconstructor\copyconstructor.csproj", "{BA5AA53B-05AD-46E5-8E45-6949F66F51C8}"
EndProject
Global
	GlobalSection(SolutionConfigurationPlatforms) = preSolution
		Debug|Any CPU = Debug|Any CPU
		Release|Any CPU = Release|Any CPU
	EndGlobalSection
	GlobalSection(ProjectConfigurationPlatforms) = postSolution
		{BA5AA53B-05AD-46E5-8E45-6949F66F51C8}.Debug|Any CPU.ActiveCfg = Debug|Any CPU
		{BA5AA53B-05AD-46E5-8E45-6949F66F51C8}.Debug|Any CPU.Build.0 = Debug|Any CPU
		{BA5AA53B-05AD-46E5-8E45-6949F66F51C8}.Release|Any CPU.ActiveCfg = Release|Any CPU
		{BA5AA53B-05AD-46E5-8E45-6949F66F51C8}.Release|Any CPU.Build.0 = Release|Any CPU
	EndGlobalSection
	GlobalSection(SolutionProperties) = preSolution
		HideSolutionNode = FALSE
	EndGlobalSection
	GlobalSection(ExtensibilityGlobals) = postSolution
		SolutionGuid = {D43D798C-002C-40AC-BA1D-F3B661D7A127}
	EndGlobalSection
EndGlobal
